<?xml version="1.0" encoding="utf-8"?>
<Project ToolsVersion="4.0" xmlns="http://schemas.microsoft.com/developer/msbuild/2003">
  <ItemGroup>
    <Filter Include="src">
      <UniqueIdentifier>{f1bde07b-730e-4b9b-9c63-21dad0e7656a}</UniqueIdentifier>
      <Extensions>h;hpp;hxx;hm;inl;inc;cpp;c;cxx;def;odl;idl;hpj;bat;asm</Extensions>
    </Filter>
    <Filter Include="res">
      <UniqueIdentifier>{e7045b6b-fd36-4fda-9c26-763cb2b5f510}</UniqueIdentifier>
      <Extensions>rc;ico;cur;bmp;dlg;rc2;rct;bin;rgs;jpg;jpeg;jpe;manifest</Extensions>
    </Filter>
  </ItemGroup>
  <ItemGroup>
    <ClCompile Include="..\..\..\src\DesktopClock\AboutDlg.cpp">
      <Filter>src</Filter>
    </ClCompile>
    <ClCompile Include="..\..\..\src\DesktopClock\Application.cpp">
      <Filter>src</Filter>
    </ClCompile>
    <ClCompile Include="..\..\..\src\DesktopClock\DesktopClockWnd.cpp">
      <Filter>src</Filter>
    </ClCompile>
    <ClCompile Include="..\..\..\src\DesktopClock\MainWnd.cpp">
      <Filter>src</Filter>
    </ClCompile>
    <ClCompile Include="..\..\..\src\DesktopClock\stdafx.cpp">
      <Filter>src</Filter>
    </ClCompile>
    <ClCompile Include="..\..\..\src\DesktopClock\SysTray.cpp">
      <Filter>src</Filter>
    </ClCompile>
    <ClCompile Include="..\..\..\src\DesktopClock\MainWndView.cpp">
      <Filter>src</Filter>
    </ClCompile>
  </ItemGroup>
  <ItemGroup>
    <ClInclude Include="..\..\..\src\DesktopClock\AboutDlg.h">
      <Filter>src</Filter>
    </ClInclude>
    <ClInclude Include="..\..\..\src\DesktopClock\Application.h">
      <Filter>src</Filter>
    </ClInclude>
    <ClInclude Include="..\..\..\src\DesktopClock\AtlRect.h">
      <Filter>src</Filter>
    </ClInclude>
    <ClInclude Include="..\..\..\src\DesktopClock\DesktopClockWnd.h">
      <Filter>src</Filter>
    </ClInclude>
    <ClInclude Include="..\..\..\src\DesktopClock\MainWnd.h">
      <Filter>src</Filter>
    </ClInclude>
    <ClInclude Include="..\..\..\src\DesktopClock\resource.h">
      <Filter>src</Filter>
    </ClInclude>
    <ClInclude Include="..\..\..\src\DesktopClock\stdafx.h">
      <Filter>src</Filter>
    </ClInclude>
    <ClInclude Include="..\..\..\src\DesktopClock\SysTray.h">
      <Filter>src</Filter>
    </ClInclude>
    <ClInclude Include="..\..\..\src\DesktopClock\MainWndView.h">
      <Filter>src</Filter>
    </ClInclude>
  </ItemGroup>
  <ItemGroup>
    <ResourceCompile Include="..\..\..\src\DesktopClock\DesktopClock.rc">
      <Filter>res</Filter>
    </ResourceCompile>
  </ItemGroup>
  <ItemGroup>
    <Image Include="..\..\..\src\DesktopClock\res\DesktopClock.ico">
      <Filter>res</Filter>
    </Image>
    <Image Include="..\..\..\src\DesktopClock\res\toolbar.bmp">
      <Filter>res</Filter>
    </Image>
  </ItemGroup>
</Project>